Microsoft Visual Studio Solution File, Format Version 12.00
# Visual Studio 2012
Project("{FAE04EC0-301F-11D3-BF4B-00C04F79EFBC}") = "kings-and-pigs", "kings-and-pigs.csproj", "{029140E0-9C16-48D0-BD93-057B81F6D71D}"
EndProject
Global
	GlobalSection(SolutionConfigurationPlatforms) = preSolution
	Debug|Any CPU = Debug|Any CPU
	ExportDebug|Any CPU = ExportDebug|Any CPU
	ExportRelease|Any CPU = ExportRelease|Any CPU
	EndGlobalSection
	GlobalSection(ProjectConfigurationPlatforms) = postSolution
		{029140E0-9C16-48D0-BD93-057B81F6D71D}.Debug|Any CPU.ActiveCfg = Debug|Any CPU
		{029140E0-9C16-48D0-BD93-057B81F6D71D}.Debug|Any CPU.Build.0 = Debug|Any CPU
		{029140E0-9C16-48D0-BD93-057B81F6D71D}.ExportDebug|Any CPU.ActiveCfg = ExportDebug|Any CPU
		{029140E0-9C16-48D0-BD93-057B81F6D71D}.ExportDebug|Any CPU.Build.0 = ExportDebug|Any CPU
		{029140E0-9C16-48D0-BD93-057B81F6D71D}.ExportRelease|Any CPU.ActiveCfg = ExportRelease|Any CPU
		{029140E0-9C16-48D0-BD93-057B81F6D71D}.ExportRelease|Any CPU.Build.0 = ExportRelease|Any CPU
	EndGlobalSection
EndGlobal
